{"1.2.0",
[{<<"hex_core">>,{pkg,<<"hex_core">>,<<"0.8.4">>},1},
 {<<"rebar3_ex_doc">>,{pkg,<<"rebar3_ex_doc">>,<<"0.2.9">>},0},
 {<<"rebar3_hex">>,{pkg,<<"rebar3_hex">>,<<"7.0.1">>},0},
 {<<"verl">>,{pkg,<<"verl">>,<<"1.1.1">>},1}]}.
[
{pkg_hash,[
 {<<"hex_core">>, <<"FF38B56D164D5987962232C28D769661907B55CE1F058CAECA8E0C8CA5BD85C8">>},
 {<<"rebar3_ex_doc">>, <<"D6550CB256EE8679C591904715BFFA45D92E4CCC0D0B2B3D29B1A7DDA3F0CFE1">>},
 {<<"rebar3_hex">>, <<"F1C30515446DBDD3C671C2F8607572C6CA159F02232B50D05AB702417776B4BC">>},
 {<<"verl">>, <<"98F3EC48B943AA4AE8E29742DE86A7CD752513687911FE07D2E00ECDF3107E45">>}]},
{pkg_hash_ext,[
 {<<"hex_core">>, <<"4B8C21FA049515D778395E38B0D0E5D48B7ECDC703BBA1F7007E2651292CE61A">>},
 {<<"rebar3_ex_doc">>, <<"A414C420C83BFE6DD592A116F6D130BC73C2CBBDA2DB7AD54CB12F848DC0EADD">>},
 {<<"rebar3_hex">>, <<"F899F4E93727A5860EB66A299A4A3871A84CE06E97DB4C564FF0B2108669FA56">>},
 {<<"verl">>, <<"0925E51CD92A0A8BE271765B02430B2E2CFF8AC30EF24D123BD0D58511E8FB18">>}]}
].
